
Microsoft Visual Studio Solution File, Format Version 12.00
# Visual Studio Version 17
VisualStudioVersion = 17.5.33414.496
MinimumVisualStudioVersion = 10.0.40219.1
Project("{FAE04EC0-301F-11D3-BF4B-00C04F79EFBC}") = "Municipality_Services_PROG7312_POE", "Municipality_Services_PROG7312_POE.csproj", "{77DB193D-A392-4FCD-9CFF-F39597CFDB94}"
EndProject
Global
	GlobalSection(SolutionConfigurationPlatforms) = preSolution
		Debug|Any CPU = Debug|Any CPU
		Release|Any CPU = Release|Any CPU
	EndGlobalSection
	GlobalSection(ProjectConfigurationPlatforms) = postSolution
		{77DB193D-A392-4FCD-9CFF-F39597CFDB94}.Debug|Any CPU.ActiveCfg = Debug|Any CPU
		{77DB193D-A392-4FCD-9CFF-F39597CFDB94}.Debug|Any CPU.Build.0 = Debug|Any CPU
		{77DB193D-A392-4FCD-9CFF-F39597CFDB94}.Release|Any CPU.ActiveCfg = Release|Any CPU
		{77DB193D-A392-4FCD-9CFF-F39597CFDB94}.Release|Any CPU.Build.0 = Release|Any CPU
	EndGlobalSection
	GlobalSection(SolutionProperties) = preSolution
		HideSolutionNode = FALSE
	EndGlobalSection
	GlobalSection(ExtensibilityGlobals) = postSolution
		SolutionGuid = {A62629CD-3E8F-402F-965A-FA8787A476EB}
	EndGlobalSection
EndGlobal
